{
  "name": "ajs-package",
  "version": "1.0.0",
  "lockfileVersion": 3,
  "requires": true,
  "packages": {
    "": {
      "name": "ajs-package",
      "version": "1.0.0",
      "license": "ISC",
      "dependencies": {
        "@daritat/ajs": "^1.0.0"
      }
    },
    "node_modules/@daritat/ajs": {
      "version": "1.0.0",
      "resolved": "https://npm.pkg.github.com/download/@daritat/ajs/1.0.0/878ebd24fe840643c165ce346179a0e84780d160",
      "integrity": "sha512-wb5WXK5lZ2+ajgQU8mDTElwXVSuSrXmmx3j6ty0RWqmw2b7uGg3F9Ln9sI8J97+Y+7FD0IFEWsrVTWf988XpxA==",
      "license": "ISC"
    }
  }
}
